version = 1
revision = 3
requires-python = ">=3.11"

[[package]]
name = "annotated-doc"
version = "0.0.4"
source = { registry = "https://pypi.org/simple" }
sdist = { url = "https://files.pythonhosted.org/packages/57/ba/046ceea27344560984e26a590f90bc7f4a75b06701f653222458922b558c/annotated_doc-0.0.4.tar.gz", hash = "sha256:fbcda96e87e9c92ad167c2e53839e57503ecfda18804ea28102353485033faa4", size = 7288, upload-time = "2025-11-10T22:07:42.062Z" }
wheels = [
    { url = "https://files.pythonhosted.org/packages/1e/d3/26bf1008eb3d2daa8ef4cacc7f3bfdc11818d111f7e2d0201bc6e3b49d45/annotated_doc-0.0.4-py3-none-any.whl", hash = "sha256:571ac1dc6991c450b25a9c2d84a3705e2ae7a53467b5d111c24fa8baabbed320", size = 5303, upload-time = "2025-11-10T22:07:40.673Z" },
]

[[package]]
name = "colorama"
version = "0.4.6"
source = { registry = "https://pypi.org/simple" }
sdist = { url = "https://files.pythonhosted.org/packages/d8/53/6f443c9a4a8358a93a6792e2acffb9d9d5cb0a5cfd8802644b7b1c9a02e4/colorama-0.4.6.tar.gz", hash = "sha256:08695f5cb7ed6e0531a20572697297273c47b8cae5a63ffc6d6ed5c201be6e44", size = 27697, upload-time = "2022-10-25T02:36:22.414Z" }
wheels = [
    { url = "https://files.pythonhosted.org/packages/d1/d6/3965ed04c63042e047cb6a3e6ed1a63a35087b6a609aa3a15ed8ac56c221/colorama-0.4.6-py2.py3-none-any.whl", hash = "sha256:4f1d9991f5acc0ca119f9d443620b77f9d6b33703e51011c16baf57afb285fc6", size = 25335, upload-time = "2022-10-25T02:36:20.889Z" },
]

[[package]]
name = "deck"
version = "0.1.0"
source = { editable = "." }
dependencies = [
    { name = "pyobjc-framework-cocoa" },
    { name = "pyobjc-framework-scriptingbridge" },
    { name = "rich" },
    { name = "typer" },
]

[package.metadata]
requires-dist = [
    { name = "pyobjc-framework-cocoa", specifier = ">=10" },
    { name = "pyobjc-framework-scriptingbridge", specifier = ">=10" },
    { name = "rich", specifier = ">=13" },
    { name = "typer", specifier = ">=0.12" },
]

[[package]]
name = "markdown-it-py"
version = "4.2.0"
source = { registry = "https://pypi.org/simple" }
dependencies = [
    { name = "mdurl" },
]
sdist = { url = "https://files.pythonhosted.org/packages/06/ff/7841249c247aa650a76b9ee4bbaeae59370dc8bfd2f6c01f3630c35eb134/markdown_it_py-4.2.0.tar.gz", hash = "sha256:04a21681d6fbb623de53f6f364d352309d4094dd4194040a10fd51833e418d49", size = 82454, upload-time = "2026-05-07T12:08:28.36Z" }
wheels = [
    { url = "https://files.pythonhosted.org/packages/b3/81/4da04ced5a082363ecfa159c010d200ecbd959ae410c10c0264a38cac0f5/markdown_it_py-4.2.0-py3-none-any.whl", hash = "sha256:9f7ebbcd14fe59494226453aed97c1070d83f8d24b6fc3a3bcf9a38092641c4a", size = 91687, upload-time = "2026-05-07T12:08:27.182Z" },
]

[[package]]
name = "mdurl"
version = "0.1.2"
source = { registry = "https://pypi.org/simple" }
sdist = { url = "https://files.pythonhosted.org/packages/d6/54/cfe61301667036ec958cb99bd3efefba235e65cdeb9c84d24a8293ba1d90/mdurl-0.1.2.tar.gz", hash = "sha256:bb413d29f5eea38f31dd4754dd7377d4465116fb207585f97bf925588687c1ba", size = 8729, upload-time = "2022-08-14T12:40:10.846Z" }
wheels = [
    { url = "https://files.pythonhosted.org/packages/b3/38/89ba8ad64ae25be8de66a6d463314cf1eb366222074cfda9ee839c56a4b4/mdurl-0.1.2-py3-none-any.whl", hash = "sha256:84008a41e51615a49fc9966191ff91509e3c40b939176e643fd50a5c2196b8f8", size = 9979, upload-time = "2022-08-14T12:40:09.779Z" },
]

[[package]]
name = "pygments"
version = "2.20.0"
source = { registry = "https://pypi.org/simple" }
sdist = { url = "https://files.pythonhosted.org/packages/c3/b2/bc9c9196916376152d655522fdcebac55e66de6603a76a02bca1b6414f6c/pygments-2.20.0.tar.gz", hash = "sha256:6757cd03768053ff99f3039c1a36d6c0aa0b263438fcab17520b30a303a82b5f", size = 4955991, upload-time = "2026-03-29T13:29:33.898Z" }
wheels = [
    { url = "https://files.pythonhosted.org/packages/f4/7e/a72dd26f3b0f4f2bf1dd8923c85f7ceb43172af56d63c7383eb62b332364/pygments-2.20.0-py3-none-any.whl", hash = "sha256:81a9e26dd42fd28a23a2d169d86d7ac03b46e2f8b59ed4698fb4785f946d0176", size = 1231151, upload-time = "2026-03-29T13:29:30.038Z" },
]

[[package]]
name = "pyobjc-core"
version = "12.2"
source = { registry = "https://pypi.org/simple" }
sdist = { url = "https://files.pythonhosted.org/packages/2a/e8/a6cc12669211e7c9b29e8f26bf2159e67c7a73555dc229018abf46d8167a/pyobjc_core-12.2.tar.gz", hash = "sha256:51d7de4cfa32f508c6a7aac31f131b12d5e196a8dcf588e6e8d7e6337224f66d", size = 1062064, upload-time = "2026-05-30T12:29:55.417Z" }
wheels = [
    { url = "https://files.pythonhosted.org/packages/c3/dc/b68d8bd769865d509fbcab81f5fae6497bd4e33409a44925e5d5e7c68d72/pyobjc_core-12.2-cp311-cp311-macosx_10_9_universal2.whl", hash = "sha256:17b4e003af384d3086c2f39989a0b282c5755dd1066f331cf7c9fa65febe22ce", size = 6475918, upload-time = "2026-05-30T10:00:44.669Z" },
    { url = "https://files.pythonhosted.org/packages/24/be/4771f4fd786f0e1a2bd6d8931a72a5f3929b7bb1b28a1fe6ca8a08371c55/pyobjc_core-12.2-cp312-cp312-macosx_10_13_universal2.whl", hash = "sha256:7677ed758a367bbbb5589d6f5276fb360a45c89168276c26162f61840b0fa03d", size = 6421145, upload-time = "2026-05-30T10:17:41.992Z" },
    { url = "https://files.pythonhosted.org/packages/d6/ed/6e62d038992bc7ef9091d95ec97c3c221686fe52a993a6501e961c757613/pyobjc_core-12.2-cp313-cp313-macosx_10_13_universal2.whl", hash = "sha256:9287c7c46d6ae8676b4c6c0389a8f4b5381f42ae53a47151900c08b157e5a992", size = 6428611, upload-time = "2026-05-30T10:21:33.83Z" },
    { url = "https://files.pythonhosted.org/packages/bf/0b/d492110202f4d1050a5e590620ebd1e730cf89f9880a26cf18205e0f5800/pyobjc_core-12.2-cp313-cp313t-macosx_10_13_universal2.whl", hash = "sha256:515ecf2afe168301feb66a7230d700584ce2e4b8a0ac178e19450b8898384139", size = 6677992, upload-time = "2026-05-30T10:44:13.039Z" },
    { url = "https://files.pythonhosted.org/packages/2e/b2/ecfbd0c80e7688ed6f3db23414758443c69c3a9d318f2036e26530ede955/pyobjc_core-12.2-cp314-cp314-macosx_10_15_universal2.whl", hash = "sha256:a51352e478785cd7fce1604b9902125a286139caea0759cb340e59d75b594992", size = 6421372, upload-time = "2026-05-30T10:47:27.907Z" },
    { url = "https://files.pythonhosted.org/packages/2b/89/ecd5cb62573fba9a95f8bdb838a9860a360907104a0724af6611d3b20512/pyobjc_core-12.2-cp314-cp314t-macosx_10_15_universal2.whl", hash = "sha256:3137b2d14f9f2154fb5b1c092c38d15e164f68ab190c18335d76e4e7e1583f79", size = 6676789, upload-time = "2026-05-30T10:59:33.811Z" },
    { url = "https://files.pythonhosted.org/packages/74/24/5091d156b19df0f657127f42b08eada11c9b9cc5df49fedb91bb354d9821/pyobjc_core-12.2-cp315-cp315-macosx_10_15_universal2.whl", hash = "sha256:1e4216f2ec962dc13cf7f31b9bc3a7190337a0f401e7dc9de6b2d8c08b9dbb7a", size = 6476112, upload-time = "2026-05-30T11:21:46.914Z" },
    { url = "https://files.pythonhosted.org/packages/77/e2/ee91ea8a0ad28e759f351ed8654027c34fc62ad5e207672522025a6a3fc2/pyobjc_core-12.2-cp315-cp315t-macosx_10_15_universal2.whl", hash = "sha256:ac952bac8057dd0b97ee7b311c39f97cad7430b7cfbd67ca0a30135a7d17d2ab", size = 6718365, upload-time = "2026-05-30T11:51:47.35Z" },
]

[[package]]
name = "pyobjc-framework-cocoa"
version = "12.2"
source = { registry = "https://pypi.org/simple" }
dependencies = [
    { name = "pyobjc-core" },
]
sdist = { url = "https://files.pythonhosted.org/packages/6d/cc/927169225e72bab9c9b44285656768fb75052a0bc85fdbca62740e1ca43c/pyobjc_framework_cocoa-12.2.tar.gz", hash = "sha256:20b392e2b7241caad0538dfde12143343e5dfe48f72e7df660a7548e635903dc", size = 3125555, upload-time = "2026-05-30T12:35:09.273Z" }
wheels = [
    { url = "https://files.pythonhosted.org/packages/a2/10/95edbdee61731dc0e18633071fe56a4220879a92e9ba77c330a34add4b28/pyobjc_framework_cocoa-12.2-cp311-cp311-macosx_10_9_universal2.whl", hash = "sha256:0bb7cd468ca89bbc2d1d8acb930b4f4fdce8826de30a66608fc28f8880c1f6a6", size = 387272, upload-time = "2026-05-30T11:57:51.391Z" },
    { url = "https://files.pythonhosted.org/packages/30/66/5a91f2eddfced4f26bc2df2bcebb7f5f10c5bf5666aff6fa00ded845af07/pyobjc_framework_cocoa-12.2-cp312-cp312-macosx_10_13_universal2.whl", hash = "sha256:06cb92d97d1af9d1f459ae6cf1d1a7b824c12d3aff1b709885966acd6b7208c2", size = 388093, upload-time = "2026-05-30T11:58:14.921Z" },
    { url = "https://files.pythonhosted.org/packages/3f/3b/1af2be2bf5204bbcfc94de215d5f87d35348c9982d9b05f54ceefbc53b8f/pyobjc_framework_cocoa-12.2-cp313-cp313-macosx_10_13_universal2.whl", hash = "sha256:f0bbe0abedfb24b11ff6c71e26cdefb0df001c6482f95591fad40c2688c16498", size = 388154, upload-time = "2026-05-30T11:58:38.547Z" },
    { url = "https://files.pythonhosted.org/packages/41/cb/c0435d64f1199210af36141b90aea2ae3344719f7313d4160b8b0dd527db/pyobjc_framework_cocoa-12.2-cp313-cp313t-macosx_10_13_universal2.whl", hash = "sha256:46b6681e2b21b099ed095339c140f2c8137d6ac5658653166ee90722f9e3c621", size = 392245, upload-time = "2026-05-30T11:59:02.436Z" },
    { url = "https://files.pythonhosted.org/packages/56/4b/df8e359e5e422e8f1430bde038aa64364e8c1d4542d7f6fcc4f8a97ec0b7/pyobjc_framework_cocoa-12.2-cp314-cp314-macosx_10_15_universal2.whl", hash = "sha256:aecfd44908fa12a9291fb6ca2458ebbc611102de6784f2202a35fd5ed9f56c60", size = 388334, upload-time = "2026-05-30T11:59:25.861Z" },
    { url = "https://files.pythonhosted.org/packages/43/a2/68c0702cc9d6dbc7077edbd13ccc9aa30ac589d514f51ad6f5c3840e3bf1/pyobjc_framework_cocoa-12.2-cp314-cp314t-macosx_10_15_universal2.whl", hash = "sha256:ef679740f541c52118149b558b757d1f11d9dcf30c2a23344b13a6af6a99a1ab", size = 392376, upload-time = "2026-05-30T11:59:50.031Z" },
    { url = "https://files.pythonhosted.org/packages/83/c3/e170672302e75cc1aa833546fb0d5a3bd4a126ede4124566d5a2e4a50cd6/pyobjc_framework_cocoa-12.2-cp315-cp315-macosx_10_15_universal2.whl", hash = "sha256:290e544a8c2d0786a34a359d825eaad44ebaaa3b30cdd765b2755422ca39a0d2", size = 388566, upload-time = "2026-05-30T12:00:13.606Z" },
    { url = "https://files.pythonhosted.org/packages/f7/6b/78e98e4de11646e56cf98066f9f84b43c86adc8b273a660d85a6ceba7a31/pyobjc_framework_cocoa-12.2-cp315-cp315t-macosx_10_15_universal2.whl", hash = "sha256:5a0bed77b0b56074cc2b4564aae3e6e9d5da5fdf93252f50b6dbced0f7fece3a", size = 392674, upload-time = "2026-05-30T12:00:37.572Z" },
]

[[package]]
name = "pyobjc-framework-scriptingbridge"
version = "12.2"
source = { registry = "https://pypi.org/simple" }
dependencies = [
    { name = "pyobjc-core" },
    { name = "pyobjc-framework-cocoa" },
]
sdist = { url = "https://files.pythonhosted.org/packages/2b/81/59528ce5c27667c0effcb6af24d039767df0faafe3ad006f154a82d270ef/pyobjc_framework_scriptingbridge-12.2.tar.gz", hash = "sha256:b1420622d923cfe6218904a6a997eae4984653d32554b16374690c347f8ab55d", size = 21239, upload-time = "2026-05-30T12:44:55.141Z" }
wheels = [
    { url = "https://files.pythonhosted.org/packages/49/cf/1088ebf54efd4c06379be9d3bf8d73a0ab93abb93c3288a5e2f34739fe61/pyobjc_framework_scriptingbridge-12.2-cp311-cp311-macosx_10_9_universal2.whl", hash = "sha256:6827941b343744cdb12b13b7af908a3f67b4016d56691719d42c09137637980f", size = 8337, upload-time = "2026-05-30T12:23:12.652Z" },
    { url = "https://files.pythonhosted.org/packages/01/fb/e3ffa8a5812302b208d0063254c3f6b1560cb0cdc18862280df471c899e3/pyobjc_framework_scriptingbridge-12.2-cp312-cp312-macosx_10_13_universal2.whl", hash = "sha256:8292259f1ef59c503e003d96e05e489b6834cb6ac0ae92712cefed7a957bd7f3", size = 8359, upload-time = "2026-05-30T12:23:14.267Z" },
    { url = "https://files.pythonhosted.org/packages/9b/5b/ed96c67b88ce1408f1778d1235a7c3c354980e4c925ce53bfbea0b424c78/pyobjc_framework_scriptingbridge-12.2-cp313-cp313-macosx_10_13_universal2.whl", hash = "sha256:ea7944907fe696a8192f2a9861e148b9a0161ac3415ab6ce6e76230181a10264", size = 8376, upload-time = "2026-05-30T12:23:15.823Z" },
    { url = "https://files.pythonhosted.org/packages/c0/57/9658c1a8576038e571308c3f21a6f38050808a7e379b1149c9b55abed746/pyobjc_framework_scriptingbridge-12.2-cp313-cp313t-macosx_10_13_universal2.whl", hash = "sha256:8dfab9213a60840f15d0ebb2572237fea569ff69d2a593f524e8c7074b6cf657", size = 8525, upload-time = "2026-05-30T12:23:17.429Z" },
    { url = "https://files.pythonhosted.org/packages/c7/70/d4476462f9a922b4346a1aba5d43280102f718a95d33d42ade716deb6991/pyobjc_framework_scriptingbridge-12.2-cp314-cp314-macosx_10_15_universal2.whl", hash = "sha256:be526303d2304e1cc88f00b673153f52e4af8324d1a58833442bec9164e4342b", size = 8413, upload-time = "2026-05-30T12:23:19.16Z" },
    { url = "https://files.pythonhosted.org/packages/64/bc/e742f299d2a929b4e4c3a3e82e6a1db0dad05e69c6cd75c9c9f122eef559/pyobjc_framework_scriptingbridge-12.2-cp314-cp314t-macosx_10_15_universal2.whl", hash = "sha256:cfc8f1fb2ecd22cdf5bd3ad7c7d1b10329d7302b69761c07a32c2810d016aa6a", size = 8567, upload-time = "2026-05-30T12:23:20.691Z" },
    { url = "https://files.pythonhosted.org/packages/73/76/335f77cd6ed5f8cc921998f10f8ecf588352c41402d46584d29855dab94e/pyobjc_framework_scriptingbridge-12.2-cp315-cp315-macosx_10_15_universal2.whl", hash = "sha256:db40b1c7670f909198984ba1a57154ad6d896af425c9599ec8e6ba5921d0f9c4", size = 8414, upload-time = "2026-05-30T12:23:22.275Z" },
    { url = "https://files.pythonhosted.org/packages/24/2f/31cad6ed0e2ba683ca8f7c5fd285fd266fc09ca105ba3ae1ce1934f606e3/pyobjc_framework_scriptingbridge-12.2-cp315-cp315t-macosx_10_15_universal2.whl", hash = "sha256:31cf0969d00e61a2f783ca5865d9d650a4be0ad1afded93cd575125187285693", size = 8567, upload-time = "2026-05-30T12:23:23.877Z" },
]

[[package]]
name = "rich"
version = "15.0.0"
source = { registry = "https://pypi.org/simple" }
dependencies = [
    { name = "markdown-it-py" },
    { name = "pygments" },
]
sdist = { url = "https://files.pythonhosted.org/packages/c0/8f/0722ca900cc807c13a6a0c696dacf35430f72e0ec571c4275d2371fca3e9/rich-15.0.0.tar.gz", hash = "sha256:edd07a4824c6b40189fb7ac9bc4c52536e9780fbbfbddf6f1e2502c31b068c36", size = 230680, upload-time = "2026-04-12T08:24:00.75Z" }
wheels = [
    { url = "https://files.pythonhosted.org/packages/82/3b/64d4899d73f91ba49a8c18a8ff3f0ea8f1c1d75481760df8c68ef5235bf5/rich-15.0.0-py3-none-any.whl", hash = "sha256:33bd4ef74232fb73fe9279a257718407f169c09b78a87ad3d296f548e27de0bb", size = 310654, upload-time = "2026-04-12T08:24:02.83Z" },
]

[[package]]
name = "shellingham"
version = "1.5.4"
source = { registry = "https://pypi.org/simple" }
sdist = { url = "https://files.pythonhosted.org/packages/58/15/8b3609fd3830ef7b27b655beb4b4e9c62313a4e8da8c676e142cc210d58e/shellingham-1.5.4.tar.gz", hash = "sha256:8dbca0739d487e5bd35ab3ca4b36e11c4078f3a234bfce294b0a0291363404de", size = 10310, upload-time = "2023-10-24T04:13:40.426Z" }
wheels = [
    { url = "https://files.pythonhosted.org/packages/e0/f9/0595336914c5619e5f28a1fb793285925a8cd4b432c9da0a987836c7f822/shellingham-1.5.4-py2.py3-none-any.whl", hash = "sha256:7ecfff8f2fd72616f7481040475a65b2bf8af90a56c89140852d1120324e8686", size = 9755, upload-time = "2023-10-24T04:13:38.866Z" },
]

[[package]]
name = "typer"
version = "0.26.3"
source = { registry = "https://pypi.org/simple" }
dependencies = [
    { name = "annotated-doc" },
    { name = "colorama", marker = "sys_platform == 'win32'" },
    { name = "rich" },
    { name = "shellingham" },
]
sdist = { url = "https://files.pythonhosted.org/packages/cc/15/f5fc7be23b7196bc065b282d9589a372392fb10860c80f9c1dd7eb008662/typer-0.26.3.tar.gz", hash = "sha256:3e2b9352f535e5303ef27806dadc2c8647687bdca5c902f03fec3fb88f46a46a", size = 198326, upload-time = "2026-05-28T20:30:50.984Z" }
wheels = [
    { url = "https://files.pythonhosted.org/packages/cd/cc/c6c5dea061e2740355bfeef22ac6a41751bd2f3903e83921295569bdcec4/typer-0.26.3-py3-none-any.whl", hash = "sha256:e70549ec5a403ca8a0bf0802ddd9f3c6ff7a14ccbb859b01b697baa943636f33", size = 122338, upload-time = "2026-05-28T20:30:49.816Z" },
]
